
Microsoft Visual Studio Solution File, Format Version 12.00
# Visual Studio 14
VisualStudioVersion = 14.0.25420.1
MinimumVisualStudioVersion = 10.0.40219.1
Project("{2150E333-8FDC-42A3-9474-1A3956D46DE8}") = "src", "src", "{7D492631-A644-452F-8A03-BED72EB8797F}"
EndProject
Project("{2150E333-8FDC-42A3-9474-1A3956D46DE8}") = "Solution Items", "Solution Items", "{DEA27AC1-F746-4C45-A218-DE931E5B494B}"
	ProjectSection(SolutionItems) = preProject
		global.json = global.json
	EndProjectSection
EndProject
Project("{8BB2217D-0F2D-49D1-97BC-3654ED321F3B}") = "PhantomNet.IdentityAccount", "src\PhantomNet.IdentityAccount\PhantomNet.IdentityAccount.xproj", "{80E7C20E-3332-48ED-BC8F-8222DB570BC1}"
EndProject
Project("{2150E333-8FDC-42A3-9474-1A3956D46DE8}") = "dependencies", "dependencies", "{940B5AC9-5F17-4DCE-9CA6-7C5EEC71616D}"
EndProject
Project("{2150E333-8FDC-42A3-9474-1A3956D46DE8}") = "extensions", "extensions", "{995FF780-8725-4C7A-8EA5-52567D7608D0}"
EndProject
Project("{8BB2217D-0F2D-49D1-97BC-3654ED321F3B}") = "PhantomNet.IdentityAccount.Dashboard.Views", "src\extensions\PhantomNet.IdentityAccount.Dashboard.Views\PhantomNet.IdentityAccount.Dashboard.Views.xproj", "{468C375A-B402-417F-AC08-061FD8616C93}"
EndProject
Project("{8BB2217D-0F2D-49D1-97BC-3654ED321F3B}") = "PhantomNet.IdentityAccount.Resources", "src\extensions\PhantomNet.IdentityAccount.Resources\PhantomNet.IdentityAccount.Resources.xproj", "{5A36A5E1-DEE4-4B32-8663-B03726CB802B}"
EndProject
Project("{8BB2217D-0F2D-49D1-97BC-3654ED321F3B}") = "PhantomNet.Mvc.Resources", "..\PhantomNet-Mvc\src\extensions\PhantomNet.Mvc.Resources\PhantomNet.Mvc.Resources.xproj", "{D9BCFF49-5386-442D-980D-3F8D251B2D77}"
EndProject
Project("{2150E333-8FDC-42A3-9474-1A3956D46DE8}") = "PhantomNet-Mvc", "PhantomNet-Mvc", "{A991ED07-1ADD-40DA-9BE7-54A19D4A0332}"
EndProject
Project("{2150E333-8FDC-42A3-9474-1A3956D46DE8}") = "src", "src", "{2DF4A2AB-5EE7-465E-A45D-2664F2D26758}"
EndProject
Project("{2150E333-8FDC-42A3-9474-1A3956D46DE8}") = "extensions", "extensions", "{BEBB28B7-A662-44D6-904F-BA88AD412170}"
EndProject
Global
	GlobalSection(SolutionConfigurationPlatforms) = preSolution
		Debug|Any CPU = Debug|Any CPU
		Release|Any CPU = Release|Any CPU
	EndGlobalSection
	GlobalSection(ProjectConfigurationPlatforms) = postSolution
		{80E7C20E-3332-48ED-BC8F-8222DB570BC1}.Debug|Any CPU.ActiveCfg = Debug|Any CPU
		{80E7C20E-3332-48ED-BC8F-8222DB570BC1}.Debug|Any CPU.Build.0 = Debug|Any CPU
		{80E7C20E-3332-48ED-BC8F-8222DB570BC1}.Release|Any CPU.ActiveCfg = Release|Any CPU
		{80E7C20E-3332-48ED-BC8F-8222DB570BC1}.Release|Any CPU.Build.0 = Release|Any CPU
		{468C375A-B402-417F-AC08-061FD8616C93}.Debug|Any CPU.ActiveCfg = Debug|Any CPU
		{468C375A-B402-417F-AC08-061FD8616C93}.Debug|Any CPU.Build.0 = Debug|Any CPU
		{468C375A-B402-417F-AC08-061FD8616C93}.Release|Any CPU.ActiveCfg = Release|Any CPU
		{468C375A-B402-417F-AC08-061FD8616C93}.Release|Any CPU.Build.0 = Release|Any CPU
		{5A36A5E1-DEE4-4B32-8663-B03726CB802B}.Debug|Any CPU.ActiveCfg = Debug|Any CPU
		{5A36A5E1-DEE4-4B32-8663-B03726CB802B}.Debug|Any CPU.Build.0 = Debug|Any CPU
		{5A36A5E1-DEE4-4B32-8663-B03726CB802B}.Release|Any CPU.ActiveCfg = Release|Any CPU
		{5A36A5E1-DEE4-4B32-8663-B03726CB802B}.Release|Any CPU.Build.0 = Release|Any CPU
		{D9BCFF49-5386-442D-980D-3F8D251B2D77}.Debug|Any CPU.ActiveCfg = Debug|Any CPU
		{D9BCFF49-5386-442D-980D-3F8D251B2D77}.Debug|Any CPU.Build.0 = Debug|Any CPU
		{D9BCFF49-5386-442D-980D-3F8D251B2D77}.Release|Any CPU.ActiveCfg = Release|Any CPU
		{D9BCFF49-5386-442D-980D-3F8D251B2D77}.Release|Any CPU.Build.0 = Release|Any CPU
	EndGlobalSection
	GlobalSection(SolutionProperties) = preSolution
		HideSolutionNode = FALSE
	EndGlobalSection
	GlobalSection(NestedProjects) = preSolution
		{80E7C20E-3332-48ED-BC8F-8222DB570BC1} = {7D492631-A644-452F-8A03-BED72EB8797F}
		{995FF780-8725-4C7A-8EA5-52567D7608D0} = {7D492631-A644-452F-8A03-BED72EB8797F}
		{468C375A-B402-417F-AC08-061FD8616C93} = {995FF780-8725-4C7A-8EA5-52567D7608D0}
		{5A36A5E1-DEE4-4B32-8663-B03726CB802B} = {995FF780-8725-4C7A-8EA5-52567D7608D0}
		{D9BCFF49-5386-442D-980D-3F8D251B2D77} = {BEBB28B7-A662-44D6-904F-BA88AD412170}
		{A991ED07-1ADD-40DA-9BE7-54A19D4A0332} = {940B5AC9-5F17-4DCE-9CA6-7C5EEC71616D}
		{2DF4A2AB-5EE7-465E-A45D-2664F2D26758} = {A991ED07-1ADD-40DA-9BE7-54A19D4A0332}
		{BEBB28B7-A662-44D6-904F-BA88AD412170} = {2DF4A2AB-5EE7-465E-A45D-2664F2D26758}
	EndGlobalSection
EndGlobal
