
Microsoft Visual Studio Solution File, Format Version 12.00
# Visual Studio 15
VisualStudioVersion = 15.0.26730.15
MinimumVisualStudioVersion = 10.0.40219.1
Project("{2150E333-8FDC-42A3-9474-1A3956D46DE8}") = "src", "src", "{7D492631-A644-452F-8A03-BED72EB8797F}"
EndProject
Project("{2150E333-8FDC-42A3-9474-1A3956D46DE8}") = "Solution Items", "Solution Items", "{DEA27AC1-F746-4C45-A218-DE931E5B494B}"
	ProjectSection(SolutionItems) = preProject
		Build.ps1 = Build.ps1
		README.md = README.md
	EndProjectSection
EndProject
Project("{9A19103F-16F7-4668-BE54-9A1E7A4F7556}") = "PhantomNet.AspNetCore.IdentityAccount", "src\PhantomNet.AspNetCore.IdentityAccount\PhantomNet.AspNetCore.IdentityAccount.csproj", "{E1C6272D-5A0A-4ACE-AB46-369A94BBECBB}"
EndProject
Global
	GlobalSection(SolutionConfigurationPlatforms) = preSolution
		Debug|Any CPU = Debug|Any CPU
		Release|Any CPU = Release|Any CPU
	EndGlobalSection
	GlobalSection(ProjectConfigurationPlatforms) = postSolution
		{E1C6272D-5A0A-4ACE-AB46-369A94BBECBB}.Debug|Any CPU.ActiveCfg = Debug|Any CPU
		{E1C6272D-5A0A-4ACE-AB46-369A94BBECBB}.Debug|Any CPU.Build.0 = Debug|Any CPU
		{E1C6272D-5A0A-4ACE-AB46-369A94BBECBB}.Release|Any CPU.ActiveCfg = Release|Any CPU
		{E1C6272D-5A0A-4ACE-AB46-369A94BBECBB}.Release|Any CPU.Build.0 = Release|Any CPU
	EndGlobalSection
	GlobalSection(SolutionProperties) = preSolution
		HideSolutionNode = FALSE
	EndGlobalSection
	GlobalSection(NestedProjects) = preSolution
		{E1C6272D-5A0A-4ACE-AB46-369A94BBECBB} = {7D492631-A644-452F-8A03-BED72EB8797F}
	EndGlobalSection
	GlobalSection(ExtensibilityGlobals) = postSolution
		SolutionGuid = {D2A48B23-6288-46A6-85D7-FF4404C9290A}
	EndGlobalSection
EndGlobal
